// !$*UTF8*$!
{
	archiveVersion = 1;
	classes = {
	};
	objectVersion = 77;
	objects = {

/* Begin PBXBuildFile section */
		242B8805D9BEAF9DA09D1D46 /* NativePayload.swift in Sources */ = {isa = PBXBuildFile; fileRef = 3073AC275233F0B081A22AB0 /* NativePayload.swift */; };
		2C7FB3848C7AD5432806FB9B /* RootView.swift in Sources */ = {isa = PBXBuildFile; fileRef = E925E85519B7524D68B944FF /* RootView.swift */; };
		2FF62650351CD65B2AE5D694 /* NativeScreens.swift in Sources */ = {isa = PBXBuildFile; fileRef = 9EBF732AA2C8CB7D57F94BA4 /* NativeScreens.swift */; };
		59A58AA60AA9B64B5A2B4F0D /* RecompApp.swift in Sources */ = {isa = PBXBuildFile; fileRef = 525F23953D91AFEE84819C3B /* RecompApp.swift */; };
		65DFAC2294AD814412FB9FF4 /* RecompStore.swift in Sources */ = {isa = PBXBuildFile; fileRef = 326F5D34FD758E06D1A4C008 /* RecompStore.swift */; };
		7AF995835BAE3DBE27CE1F1D /* NativeScreens2.swift in Sources */ = {isa = PBXBuildFile; fileRef = 7AE2B5CE3D5A85FD46A9C345 /* NativeScreens2.swift */; };
		7D5BB2169CB9B911525F9F0B /* NativeKeychain.swift in Sources */ = {isa = PBXBuildFile; fileRef = E47C53BA19F122E9614AA2FD /* NativeKeychain.swift */; };
		A55D7AE86C3E34393A37B5A5 /* FormatUtils.swift in Sources */ = {isa = PBXBuildFile; fileRef = A2B94C11A7EAE9B9B828AC66 /* FormatUtils.swift */; };
		CB98C2FE3267BAB1058EB5C4 /* HealthDashboard.swift in Sources */ = {isa = PBXBuildFile; fileRef = F4F1C0D3F0ECE1D9B48AA9F9 /* HealthDashboard.swift */; };
		CF41022931812A85A74DFD31 /* HealthKitManager.swift in Sources */ = {isa = PBXBuildFile; fileRef = E305CE4CE41CB4088DFDFEA8 /* HealthKitManager.swift */; };
		DDF76318A982E1ECA4EFA41A /* FoodPresets.json in Resources */ = {isa = PBXBuildFile; fileRef = CB7943E24D509AB69D276AD5 /* FoodPresets.json */; };
		DF5109C10D0784A6C8F8EB38 /* Models.swift in Sources */ = {isa = PBXBuildFile; fileRef = 2DC7B90B562717F1DCB3D47A /* Models.swift */; };
		E93A2A1B4BEA32E49482516B /* Assets.xcassets in Resources */ = {isa = PBXBuildFile; fileRef = 97AE842809815DDFDA0023BE /* Assets.xcassets */; };
/* End PBXBuildFile section */

/* Begin PBXFileReference section */
		1171B4022FEF0F604CF042C0 /* Recomp.entitlements */ = {isa = PBXFileReference; lastKnownFileType = text.plist.entitlements; path = Recomp.entitlements; sourceTree = "<group>"; };
		2DC7B90B562717F1DCB3D47A /* Models.swift */ = {isa = PBXFileReference; lastKnownFileType = sourcecode.swift; path = Models.swift; sourceTree = "<group>"; };
		3073AC275233F0B081A22AB0 /* NativePayload.swift */ = {isa = PBXFileReference; lastKnownFileType = sourcecode.swift; path = NativePayload.swift; sourceTree = "<group>"; };
		326F5D34FD758E06D1A4C008 /* RecompStore.swift */ = {isa = PBXFileReference; lastKnownFileType = sourcecode.swift; path = RecompStore.swift; sourceTree = "<group>"; };
		510BBEFE06BAEBAAA125097F /* Recomp.app */ = {isa = PBXFileReference; includeInIndex = 0; lastKnownFileType = wrapper.application; path = Recomp.app; sourceTree = BUILT_PRODUCTS_DIR; };
		525F23953D91AFEE84819C3B /* RecompApp.swift */ = {isa = PBXFileReference; lastKnownFileType = sourcecode.swift; path = RecompApp.swift; sourceTree = "<group>"; };
		787E7771ADB15F0767BDEB75 /* Info.plist */ = {isa = PBXFileReference; lastKnownFileType = text.plist; path = Info.plist; sourceTree = "<group>"; };
		7AE2B5CE3D5A85FD46A9C345 /* NativeScreens2.swift */ = {isa = PBXFileReference; lastKnownFileType = sourcecode.swift; path = NativeScreens2.swift; sourceTree = "<group>"; };
		97AE842809815DDFDA0023BE /* Assets.xcassets */ = {isa = PBXFileReference; lastKnownFileType = folder.assetcatalog; path = Assets.xcassets; sourceTree = "<group>"; };
		9EBF732AA2C8CB7D57F94BA4 /* NativeScreens.swift */ = {isa = PBXFileReference; lastKnownFileType = sourcecode.swift; path = NativeScreens.swift; sourceTree = "<group>"; };
		A2B94C11A7EAE9B9B828AC66 /* FormatUtils.swift */ = {isa = PBXFileReference; lastKnownFileType = sourcecode.swift; path = FormatUtils.swift; sourceTree = "<group>"; };
		CB7943E24D509AB69D276AD5 /* FoodPresets.json */ = {isa = PBXFileReference; lastKnownFileType = text.json; path = FoodPresets.json; sourceTree = "<group>"; };
		E305CE4CE41CB4088DFDFEA8 /* HealthKitManager.swift */ = {isa = PBXFileReference; lastKnownFileType = sourcecode.swift; path = HealthKitManager.swift; sourceTree = "<group>"; };
		E47C53BA19F122E9614AA2FD /* NativeKeychain.swift */ = {isa = PBXFileReference; lastKnownFileType = sourcecode.swift; path = NativeKeychain.swift; sourceTree = "<group>"; };
		E925E85519B7524D68B944FF /* RootView.swift */ = {isa = PBXFileReference; lastKnownFileType = sourcecode.swift; path = RootView.swift; sourceTree = "<group>"; };
		F4F1C0D3F0ECE1D9B48AA9F9 /* HealthDashboard.swift */ = {isa = PBXFileReference; lastKnownFileType = sourcecode.swift; path = HealthDashboard.swift; sourceTree = "<group>"; };
/* End PBXFileReference section */

/* Begin PBXGroup section */
		087D57BACDFAB3113941C698 = {
			isa = PBXGroup;
			children = (
				5246FEB1CC169B86DABD8A4D /* he-served-coffee-shop-web */,
				FEEF68984589B3C68D71F4EB /* Recomp */,
				4B5F20689383905193F31E06 /* Products */,
			);
			sourceTree = "<group>";
		};
		35D6EC03DDBED49DADE93570 /* RecompHealth */ = {
			isa = PBXGroup;
			children = (
				E305CE4CE41CB4088DFDFEA8 /* HealthKitManager.swift */,
				2DC7B90B562717F1DCB3D47A /* Models.swift */,
			);
			path = RecompHealth;
			sourceTree = "<group>";
		};
		4B5F20689383905193F31E06 /* Products */ = {
			isa = PBXGroup;
			children = (
				510BBEFE06BAEBAAA125097F /* Recomp.app */,
			);
			name = Products;
			sourceTree = "<group>";
		};
		5246FEB1CC169B86DABD8A4D /* he-served-coffee-shop-web */ = {
			isa = PBXGroup;
			children = (
				B9DF40DC97060EFF904B83C5 /* recomp-health-ios */,
			);
			name = "he-served-coffee-shop-web";
			path = ..;
			sourceTree = "<group>";
		};
		B9DF40DC97060EFF904B83C5 /* recomp-health-ios */ = {
			isa = PBXGroup;
			children = (
				35D6EC03DDBED49DADE93570 /* RecompHealth */,
			);
			path = "recomp-health-ios";
			sourceTree = "<group>";
		};
		FEEF68984589B3C68D71F4EB /* Recomp */ = {
			isa = PBXGroup;
			children = (
				97AE842809815DDFDA0023BE /* Assets.xcassets */,
				CB7943E24D509AB69D276AD5 /* FoodPresets.json */,
				A2B94C11A7EAE9B9B828AC66 /* FormatUtils.swift */,
				F4F1C0D3F0ECE1D9B48AA9F9 /* HealthDashboard.swift */,
				787E7771ADB15F0767BDEB75 /* Info.plist */,
				E47C53BA19F122E9614AA2FD /* NativeKeychain.swift */,
				3073AC275233F0B081A22AB0 /* NativePayload.swift */,
				9EBF732AA2C8CB7D57F94BA4 /* NativeScreens.swift */,
				7AE2B5CE3D5A85FD46A9C345 /* NativeScreens2.swift */,
				1171B4022FEF0F604CF042C0 /* Recomp.entitlements */,
				525F23953D91AFEE84819C3B /* RecompApp.swift */,
				326F5D34FD758E06D1A4C008 /* RecompStore.swift */,
				E925E85519B7524D68B944FF /* RootView.swift */,
			);
			path = Recomp;
			sourceTree = "<group>";
		};
/* End PBXGroup section */

/* Begin PBXNativeTarget section */
		8584B95CB35C0535B3443AC1 /* Recomp */ = {
			isa = PBXNativeTarget;
			buildConfigurationList = 2513B77028C6A2EA2617D7B4 /* Build configuration list for PBXNativeTarget "Recomp" */;
			buildPhases = (
				84418E48CDE12BDAE48F8B00 /* Sources */,
				BFBD2BE8F580150E759D2719 /* Resources */,
			);
			buildRules = (
			);
			dependencies = (
			);
			name = Recomp;
			packageProductDependencies = (
			);
			productName = Recomp;
			productReference = 510BBEFE06BAEBAAA125097F /* Recomp.app */;
			productType = "com.apple.product-type.application";
		};
/* End PBXNativeTarget section */

/* Begin PBXProject section */
		34C4586683EA74E7E37FF6B8 /* Project object */ = {
			isa = PBXProject;
			attributes = {
				BuildIndependentTargetsInParallel = YES;
				LastUpgradeCheck = 1430;
				TargetAttributes = {
					8584B95CB35C0535B3443AC1 = {
						DevelopmentTeam = W7DM4KM395;
						ProvisioningStyle = Automatic;
					};
				};
			};
			buildConfigurationList = 1385049F52137A61D0CEE3A8 /* Build configuration list for PBXProject "Recomp" */;
			developmentRegion = en;
			hasScannedForEncodings = 0;
			knownRegions = (
				Base,
				en,
			);
			mainGroup = 087D57BACDFAB3113941C698;
			minimizedProjectReferenceProxies = 1;
			preferredProjectObjectVersion = 77;
			productRefGroup = 4B5F20689383905193F31E06 /* Products */;
			projectDirPath = "";
			projectRoot = "";
			targets = (
				8584B95CB35C0535B3443AC1 /* Recomp */,
			);
		};
/* End PBXProject section */

/* Begin PBXResourcesBuildPhase section */
		BFBD2BE8F580150E759D2719 /* Resources */ = {
			isa = PBXResourcesBuildPhase;
			buildActionMask = 2147483647;
			files = (
				E93A2A1B4BEA32E49482516B /* Assets.xcassets in Resources */,
				DDF76318A982E1ECA4EFA41A /* FoodPresets.json in Resources */,
			);
			runOnlyForDeploymentPostprocessing = 0;
		};
/* End PBXResourcesBuildPhase section */

/* Begin PBXSourcesBuildPhase section */
		84418E48CDE12BDAE48F8B00 /* Sources */ = {
			isa = PBXSourcesBuildPhase;
			buildActionMask = 2147483647;
			files = (
				A55D7AE86C3E34393A37B5A5 /* FormatUtils.swift in Sources */,
				CB98C2FE3267BAB1058EB5C4 /* HealthDashboard.swift in Sources */,
				CF41022931812A85A74DFD31 /* HealthKitManager.swift in Sources */,
				DF5109C10D0784A6C8F8EB38 /* Models.swift in Sources */,
				7D5BB2169CB9B911525F9F0B /* NativeKeychain.swift in Sources */,
				242B8805D9BEAF9DA09D1D46 /* NativePayload.swift in Sources */,
				2FF62650351CD65B2AE5D694 /* NativeScreens.swift in Sources */,
				7AF995835BAE3DBE27CE1F1D /* NativeScreens2.swift in Sources */,
				59A58AA60AA9B64B5A2B4F0D /* RecompApp.swift in Sources */,
				65DFAC2294AD814412FB9FF4 /* RecompStore.swift in Sources */,
				2C7FB3848C7AD5432806FB9B /* RootView.swift in Sources */,
			);
			runOnlyForDeploymentPostprocessing = 0;
		};
/* End PBXSourcesBuildPhase section */

/* Begin XCBuildConfiguration section */
		5A172854F43AB50DC616EDEE /* Debug */ = {
			isa = XCBuildConfiguration;
			buildSettings = {
				ASSETCATALOG_COMPILER_APPICON_NAME = AppIcon;
				ASSETCATALOG_COMPILER_GLOBAL_ACCENT_COLOR_NAME = AccentColor;
				CODE_SIGN_ENTITLEMENTS = Recomp/Recomp.entitlements;
				CODE_SIGN_IDENTITY = "iPhone Developer";
				CODE_SIGN_STYLE = Automatic;
				DEVELOPMENT_TEAM = W7DM4KM395;
				INFOPLIST_FILE = Recomp/Info.plist;
				LD_RUNPATH_SEARCH_PATHS = (
					"$(inherited)",
					"@executable_path/Frameworks",
				);
				PRODUCT_BUNDLE_IDENTIFIER = com.korakritinsa.recomp;
				PRODUCT_NAME = Recomp;
				SDKROOT = iphoneos;
				SUPPORTS_MACCATALYST = NO;
				TARGETED_DEVICE_FAMILY = 1;
			};
			name = Debug;
		};
		BBF7D4D1EE4B93829C79D45B /* Debug */ = {
			isa = XCBuildConfiguration;
			buildSettings = {
				ALWAYS_SEARCH_USER_PATHS = NO;
				CLANG_ANALYZER_NONNULL = YES;
				CLANG_ANALYZER_NUMBER_OBJECT_CONVERSION = YES_AGGRESSIVE;
				CLANG_CXX_LANGUAGE_STANDARD = "gnu++14";
				CLANG_CXX_LIBRARY = "libc++";
				CLANG_ENABLE_MODULES = YES;
				CLANG_ENABLE_OBJC_ARC = YES;
				CLANG_ENABLE_OBJC_WEAK = YES;
				CLANG_WARN_BLOCK_CAPTURE_AUTORELEASING = YES;
				CLANG_WARN_BOOL_CONVERSION = YES;
				CLANG_WARN_COMMA = YES;
				CLANG_WARN_CONSTANT_CONVERSION = YES;
				CLANG_WARN_DEPRECATED_OBJC_IMPLEMENTATIONS = YES;
				CLANG_WARN_DIRECT_OBJC_ISA_USAGE = YES_ERROR;
				CLANG_WARN_DOCUMENTATION_COMMENTS = YES;
				CLANG_WARN_EMPTY_BODY = YES;
				CLANG_WARN_ENUM_CONVERSION = YES;
				CLANG_WARN_INFINITE_RECURSION = YES;
				CLANG_WARN_INT_CONVERSION = YES;
				CLANG_WARN_NON_LITERAL_NULL_CONVERSION = YES;
				CLANG_WARN_OBJC_IMPLICIT_RETAIN_SELF = YES;
				CLANG_WARN_OBJC_LITERAL_CONVERSION = YES;
				CLANG_WARN_OBJC_ROOT_CLASS = YES_ERROR;
				CLANG_WARN_QUOTED_INCLUDE_IN_FRAMEWORK_HEADER = YES;
				CLANG_WARN_RANGE_LOOP_ANALYSIS = YES;
				CLANG_WARN_STRICT_PROTOTYPES = YES;
				CLANG_WARN_SUSPICIOUS_MOVE = YES;
				CLANG_WARN_UNGUARDED_AVAILABILITY = YES_AGGRESSIVE;
				CLANG_WARN_UNREACHABLE_CODE = YES;
				CLANG_WARN__DUPLICATE_METHOD_MATCH = YES;
				COPY_PHASE_STRIP = NO;
				CURRENT_PROJECT_VERSION = 2;
				DEBUG_INFORMATION_FORMAT = dwarf;
				ENABLE_STRICT_OBJC_MSGSEND = YES;
				ENABLE_TESTABILITY = YES;
				GCC_C_LANGUAGE_STANDARD = gnu11;
				GCC_DYNAMIC_NO_PIC = NO;
				GCC_NO_COMMON_BLOCKS = YES;
				GCC_OPTIMIZATION_LEVEL = 0;
				GCC_PREPROCESSOR_DEFINITIONS = (
					"$(inherited)",
					"DEBUG=1",
				);
				GCC_WARN_64_TO_32_BIT_CONVERSION = YES;
				GCC_WARN_ABOUT_RETURN_TYPE = YES_ERROR;
				GCC_WARN_UNDECLARED_SELECTOR = YES;
				GCC_WARN_UNINITIALIZED_AUTOS = YES_AGGRESSIVE;
				GCC_WARN_UNUSED_FUNCTION = YES;
				GCC_WARN_UNUSED_VARIABLE = YES;
				IPHONEOS_DEPLOYMENT_TARGET = 17.0;
				MARKETING_VERSION = 0.2.0;
				MTL_ENABLE_DEBUG_INFO = INCLUDE_SOURCE;
				MTL_FAST_MATH = YES;
				ONLY_ACTIVE_ARCH = YES;
				PRODUCT_NAME = "$(TARGET_NAME)";
				SDKROOT = iphoneos;
				SWIFT_ACTIVE_COMPILATION_CONDITIONS = DEBUG;
				SWIFT_OPTIMIZATION_LEVEL = "-Onone";
				SWIFT_VERSION = 5.0;
			};
			name = Debug;
		};
		DB9EA2208A284A5052B007DE /* Release */ = {
			isa = XCBuildConfiguration;
			buildSettings = {
				ALWAYS_SEARCH_USER_PATHS = NO;
				CLANG_ANALYZER_NONNULL = YES;
				CLANG_ANALYZER_NUMBER_OBJECT_CONVERSION = YES_AGGRESSIVE;
				CLANG_CXX_LANGUAGE_STANDARD = "gnu++14";
				CLANG_CXX_LIBRARY = "libc++";
				CLANG_ENABLE_MODULES = YES;
				CLANG_ENABLE_OBJC_ARC = YES;
				CLANG_ENABLE_OBJC_WEAK = YES;
				CLANG_WARN_BLOCK_CAPTURE_AUTORELEASING = YES;
				CLANG_WARN_BOOL_CONVERSION = YES;
				CLANG_WARN_COMMA = YES;
				CLANG_WARN_CONSTANT_CONVERSION = YES;
				CLANG_WARN_DEPRECATED_OBJC_IMPLEMENTATIONS = YES;
				CLANG_WARN_DIRECT_OBJC_ISA_USAGE = YES_ERROR;
				CLANG_WARN_DOCUMENTATION_COMMENTS = YES;
				CLANG_WARN_EMPTY_BODY = YES;
				CLANG_WARN_ENUM_CONVERSION = YES;
				CLANG_WARN_INFINITE_RECURSION = YES;
				CLANG_WARN_INT_CONVERSION = YES;
				CLANG_WARN_NON_LITERAL_NULL_CONVERSION = YES;
				CLANG_WARN_OBJC_IMPLICIT_RETAIN_SELF = YES;
				CLANG_WARN_OBJC_LITERAL_CONVERSION = YES;
				CLANG_WARN_OBJC_ROOT_CLASS = YES_ERROR;
				CLANG_WARN_QUOTED_INCLUDE_IN_FRAMEWORK_HEADER = YES;
				CLANG_WARN_RANGE_LOOP_ANALYSIS = YES;
				CLANG_WARN_STRICT_PROTOTYPES = YES;
				CLANG_WARN_SUSPICIOUS_MOVE = YES;
				CLANG_WARN_UNGUARDED_AVAILABILITY = YES_AGGRESSIVE;
				CLANG_WARN_UNREACHABLE_CODE = YES;
				CLANG_WARN__DUPLICATE_METHOD_MATCH = YES;
				COPY_PHASE_STRIP = NO;
				CURRENT_PROJECT_VERSION = 2;
				DEBUG_INFORMATION_FORMAT = "dwarf-with-dsym";
				ENABLE_NS_ASSERTIONS = NO;
				ENABLE_STRICT_OBJC_MSGSEND = YES;
				GCC_C_LANGUAGE_STANDARD = gnu11;
				GCC_NO_COMMON_BLOCKS = YES;
				GCC_WARN_64_TO_32_BIT_CONVERSION = YES;
				GCC_WARN_ABOUT_RETURN_TYPE = YES_ERROR;
				GCC_WARN_UNDECLARED_SELECTOR = YES;
				GCC_WARN_UNINITIALIZED_AUTOS = YES_AGGRESSIVE;
				GCC_WARN_UNUSED_FUNCTION = YES;
				GCC_WARN_UNUSED_VARIABLE = YES;
				IPHONEOS_DEPLOYMENT_TARGET = 17.0;
				MARKETING_VERSION = 0.2.0;
				MTL_ENABLE_DEBUG_INFO = NO;
				MTL_FAST_MATH = YES;
				PRODUCT_NAME = "$(TARGET_NAME)";
				SDKROOT = iphoneos;
				SWIFT_COMPILATION_MODE = wholemodule;
				SWIFT_OPTIMIZATION_LEVEL = "-O";
				SWIFT_VERSION = 5.0;
			};
			name = Release;
		};
		EF0CD22BDD3069109DBD3B1A /* Release */ = {
			isa = XCBuildConfiguration;
			buildSettings = {
				ASSETCATALOG_COMPILER_APPICON_NAME = AppIcon;
				ASSETCATALOG_COMPILER_GLOBAL_ACCENT_COLOR_NAME = AccentColor;
				CODE_SIGN_ENTITLEMENTS = Recomp/Recomp.entitlements;
				CODE_SIGN_IDENTITY = "iPhone Developer";
				CODE_SIGN_STYLE = Automatic;
				DEVELOPMENT_TEAM = W7DM4KM395;
				INFOPLIST_FILE = Recomp/Info.plist;
				LD_RUNPATH_SEARCH_PATHS = (
					"$(inherited)",
					"@executable_path/Frameworks",
				);
				PRODUCT_BUNDLE_IDENTIFIER = com.korakritinsa.recomp;
				PRODUCT_NAME = Recomp;
				SDKROOT = iphoneos;
				SUPPORTS_MACCATALYST = NO;
				TARGETED_DEVICE_FAMILY = 1;
			};
			name = Release;
		};
/* End XCBuildConfiguration section */

/* Begin XCConfigurationList section */
		1385049F52137A61D0CEE3A8 /* Build configuration list for PBXProject "Recomp" */ = {
			isa = XCConfigurationList;
			buildConfigurations = (
				BBF7D4D1EE4B93829C79D45B /* Debug */,
				DB9EA2208A284A5052B007DE /* Release */,
			);
			defaultConfigurationIsVisible = 0;
			defaultConfigurationName = Debug;
		};
		2513B77028C6A2EA2617D7B4 /* Build configuration list for PBXNativeTarget "Recomp" */ = {
			isa = XCConfigurationList;
			buildConfigurations = (
				5A172854F43AB50DC616EDEE /* Debug */,
				EF0CD22BDD3069109DBD3B1A /* Release */,
			);
			defaultConfigurationIsVisible = 0;
			defaultConfigurationName = Debug;
		};
/* End XCConfigurationList section */
	};
	rootObject = 34C4586683EA74E7E37FF6B8 /* Project object */;
}
